
Microsoft Visual Studio Solution File, Format Version 12.00
# Visual Studio Version 17
VisualStudioVersion = 17.0.31903.59
MinimumVisualStudioVersion = 10.0.40219.1
Project("{FAE04EC0-301F-11D3-BF4B-00C04F79EFBC}") = "MsgHub.Models", "MsgHub.Models\MsgHub.Models.csproj", "{3EA1C9FF-AF6C-46CA-9851-2A353033E2DD}"
EndProject
Project("{FAE04EC0-301F-11D3-BF4B-00C04F79EFBC}") = "MsgHub.Server", "MsgHub.Server\MsgHub.Server.csproj", "{F4179946-7A01-4B0F-B976-57446C307C78}"
EndProject
Project("{FAE04EC0-301F-11D3-BF4B-00C04F79EFBC}") = "MsgHub.Service", "MsgHub.Service\MsgHub.Service.csproj", "{5E4649CA-EE35-4662-981E-4E328942FB62}"
EndProject
Project("{FAE04EC0-301F-11D3-BF4B-00C04F79EFBC}") = "MsgHub.Web", "MsgHub.Web\MsgHub.Web.csproj", "{A239FDF1-61E0-4CBB-9FDE-4F00AA421CAA}"
EndProject
Global
	GlobalSection(SolutionConfigurationPlatforms) = preSolution
		Debug|Any CPU = Debug|Any CPU
		Release|Any CPU = Release|Any CPU
	EndGlobalSection
	GlobalSection(SolutionProperties) = preSolution
		HideSolutionNode = FALSE
	EndGlobalSection
	GlobalSection(ProjectConfigurationPlatforms) = postSolution
		{3EA1C9FF-AF6C-46CA-9851-2A353033E2DD}.Debug|Any CPU.ActiveCfg = Debug|Any CPU
		{3EA1C9FF-AF6C-46CA-9851-2A353033E2DD}.Debug|Any CPU.Build.0 = Debug|Any CPU
		{3EA1C9FF-AF6C-46CA-9851-2A353033E2DD}.Release|Any CPU.ActiveCfg = Release|Any CPU
		{3EA1C9FF-AF6C-46CA-9851-2A353033E2DD}.Release|Any CPU.Build.0 = Release|Any CPU
		{F4179946-7A01-4B0F-B976-57446C307C78}.Debug|Any CPU.ActiveCfg = Debug|Any CPU
		{F4179946-7A01-4B0F-B976-57446C307C78}.Debug|Any CPU.Build.0 = Debug|Any CPU
		{F4179946-7A01-4B0F-B976-57446C307C78}.Release|Any CPU.ActiveCfg = Release|Any CPU
		{F4179946-7A01-4B0F-B976-57446C307C78}.Release|Any CPU.Build.0 = Release|Any CPU
		{5E4649CA-EE35-4662-981E-4E328942FB62}.Debug|Any CPU.ActiveCfg = Debug|Any CPU
		{5E4649CA-EE35-4662-981E-4E328942FB62}.Debug|Any CPU.Build.0 = Debug|Any CPU
		{5E4649CA-EE35-4662-981E-4E328942FB62}.Release|Any CPU.ActiveCfg = Release|Any CPU
		{5E4649CA-EE35-4662-981E-4E328942FB62}.Release|Any CPU.Build.0 = Release|Any CPU
		{A239FDF1-61E0-4CBB-9FDE-4F00AA421CAA}.Debug|Any CPU.ActiveCfg = Debug|Any CPU
		{A239FDF1-61E0-4CBB-9FDE-4F00AA421CAA}.Debug|Any CPU.Build.0 = Debug|Any CPU
		{A239FDF1-61E0-4CBB-9FDE-4F00AA421CAA}.Release|Any CPU.ActiveCfg = Release|Any CPU
		{A239FDF1-61E0-4CBB-9FDE-4F00AA421CAA}.Release|Any CPU.Build.0 = Release|Any CPU
	EndGlobalSection
EndGlobal
